
Microsoft Visual Studio Solution File, Format Version 12.00
# Visual Studio Version 16
VisualStudioVersion = 16.0.31205.134
MinimumVisualStudioVersion = 10.0.40219.1
Project("{2150E333-8FDC-42A3-9474-1A3956D46DE8}") = "CreationalPatterns", "CreationalPatterns", "{A7A80ED2-5A6D-4A65-BF30-D915D3142EA4}"
EndProject
Project("{2150E333-8FDC-42A3-9474-1A3956D46DE8}") = "StructuralPatterns", "StructuralPatterns", "{DADE8844-45A0-43CA-8012-B173471817EC}"
EndProject
Project("{2150E333-8FDC-42A3-9474-1A3956D46DE8}") = "BehaviorPatterns", "BehaviorPatterns", "{54CC50C6-5274-4FAF-9E87-EEF51FE4B84A}"
EndProject
Project("{2150E333-8FDC-42A3-9474-1A3956D46DE8}") = "FactoryMethod", "FactoryMethod", "{9441E14E-23D5-4399-AF8C-4AC44EF19FA2}"
EndProject
Project("{FAE04EC0-301F-11D3-BF4B-00C04F79EFBC}") = "ApplicationRun", "ApplicationRun\ApplicationRun.csproj", "{7B8557F4-571A-422B-B339-CD9C03A22DAA}"
EndProject
Project("{FAE04EC0-301F-11D3-BF4B-00C04F79EFBC}") = "FactoryMethodGuru", "FactoryMethodGuru\FactoryMethodGuru.csproj", "{7A518F90-E2D0-401F-97AB-8EFBE21CCFF1}"
EndProject
Global
	GlobalSection(SolutionConfigurationPlatforms) = preSolution
		Debug|Any CPU = Debug|Any CPU
		Release|Any CPU = Release|Any CPU
	EndGlobalSection
	GlobalSection(ProjectConfigurationPlatforms) = postSolution
		{A09F9172-F40E-4B8E-B95A-0ACD45A76362}.Debug|Any CPU.ActiveCfg = Debug|Any CPU
		{A09F9172-F40E-4B8E-B95A-0ACD45A76362}.Debug|Any CPU.Build.0 = Debug|Any CPU
		{A09F9172-F40E-4B8E-B95A-0ACD45A76362}.Release|Any CPU.ActiveCfg = Release|Any CPU
		{A09F9172-F40E-4B8E-B95A-0ACD45A76362}.Release|Any CPU.Build.0 = Release|Any CPU
		{7B8557F4-571A-422B-B339-CD9C03A22DAA}.Debug|Any CPU.ActiveCfg = Debug|Any CPU
		{7B8557F4-571A-422B-B339-CD9C03A22DAA}.Debug|Any CPU.Build.0 = Debug|Any CPU
		{7B8557F4-571A-422B-B339-CD9C03A22DAA}.Release|Any CPU.ActiveCfg = Release|Any CPU
		{7B8557F4-571A-422B-B339-CD9C03A22DAA}.Release|Any CPU.Build.0 = Release|Any CPU
		{7A518F90-E2D0-401F-97AB-8EFBE21CCFF1}.Debug|Any CPU.ActiveCfg = Debug|Any CPU
		{7A518F90-E2D0-401F-97AB-8EFBE21CCFF1}.Debug|Any CPU.Build.0 = Debug|Any CPU
		{7A518F90-E2D0-401F-97AB-8EFBE21CCFF1}.Release|Any CPU.ActiveCfg = Release|Any CPU
		{7A518F90-E2D0-401F-97AB-8EFBE21CCFF1}.Release|Any CPU.Build.0 = Release|Any CPU
	EndGlobalSection
	GlobalSection(SolutionProperties) = preSolution
		HideSolutionNode = FALSE
	EndGlobalSection
	GlobalSection(NestedProjects) = preSolution
		{9441E14E-23D5-4399-AF8C-4AC44EF19FA2} = {A7A80ED2-5A6D-4A65-BF30-D915D3142EA4}
		{7B8557F4-571A-422B-B339-CD9C03A22DAA} = {9441E14E-23D5-4399-AF8C-4AC44EF19FA2}
		{7A518F90-E2D0-401F-97AB-8EFBE21CCFF1} = {9441E14E-23D5-4399-AF8C-4AC44EF19FA2}
	EndGlobalSection
	GlobalSection(ExtensibilityGlobals) = postSolution
		SolutionGuid = {9D602F02-AAC8-4156-95BC-8FAE7C051617}
	EndGlobalSection
EndGlobal
